// !$*UTF8*$!
{
	archiveVersion = 1;
	classes = {
	};
	objectVersion = 54;
	objects = {

/* Begin PBXBuildFile section */
		02DD7DF692D544D9959EB493 /* HT5.png in Resources */ = {isa = PBXBuildFile; fileRef = 94CDC2180C554F08A0621BA6 /* HT5.png */; };
		07DE658CF4954CD5AB48CEF5 /* how_to.png in Resources */ = {isa = PBXBuildFile; fileRef = 12006B38488D40A386A12D16 /* how_to.png */; };
		088A7518296B4C538124DABE /* dest1.svg in Resources */ = {isa = PBXBuildFile; fileRef = 8AE010949B104DB5867ABD20 /* dest1.svg */; };
		0E08807504814D429FD7D75C /* dest6.svg in Resources */ = {isa = PBXBuildFile; fileRef = FCC95E4208A7469DAFA67C19 /* dest6.svg */; };
		12A46CD43F614DAF8C4F095A /* select-destination.png in Resources */ = {isa = PBXBuildFile; fileRef = E5C72B24076643D19B85B350 /* select-destination.png */; };
		13B07FBF1A68108700A75B9A /* Images.xcassets in Resources */ = {isa = PBXBuildFile; fileRef = 13B07FB51A68108700A75B9A /* Images.xcassets */; };
		155A0EFEAAEB4053A975B4AE /* dest3.svg in Resources */ = {isa = PBXBuildFile; fileRef = 8171CFD3B9BB4E45A4E3B3CC /* dest3.svg */; };
		1DF15519676EBB8047371FEE /* PrivacyInfo.xcprivacy in Resources */ = {isa = PBXBuildFile; fileRef = 13B07FB81A68108700A75B9A /* PrivacyInfo.xcprivacy */; };
		2121D3BFB0124C418C721089 /* trash.png in Resources */ = {isa = PBXBuildFile; fileRef = 1A59B8D89A0F488A98B48776 /* trash.png */; };
		22C6A5EE54F94A9DAF9222D5 /* destinations.png in Resources */ = {isa = PBXBuildFile; fileRef = 0F3EB49741E248C7870A7C50 /* destinations.png */; };
		22F8627766004912932F4437 /* HT2.png in Resources */ = {isa = PBXBuildFile; fileRef = DAB6AE71C6974EA4B7202C6C /* HT2.png */; };
		2BD11DBC7DB04B41B74B2F65 /* dest_3.png in Resources */ = {isa = PBXBuildFile; fileRef = 66A5730D8E70436BB8287E66 /* dest_3.png */; };
		30726508AF3E489EA1F2B887 /* instagram.png in Resources */ = {isa = PBXBuildFile; fileRef = 77A5015B07B44855AE85CC50 /* instagram.png */; };
		38164F47161C4E579ED967E4 /* left_arrow.png in Resources */ = {isa = PBXBuildFile; fileRef = 7A55BE342879468E96DF9EFE /* left_arrow.png */; };
		3B97FBA98776405BBE8B5A50 /* settings.png in Resources */ = {isa = PBXBuildFile; fileRef = 9EDF867A18384F7EB33882D5 /* settings.png */; };
		3C57285B14A8414BA4DE6D8E /* Inter-Medium.ttf in Resources */ = {isa = PBXBuildFile; fileRef = 1FF8A34622D84E879E4F6732 /* Inter-Medium.ttf */; };
		4B80C3B6C0CC493FAEB2AD09 /* HT3.png in Resources */ = {isa = PBXBuildFile; fileRef = 24F3CAA1A0094F54AE0147C6 /* HT3.png */; };
		4FFD291EF4155D0716134B98 /* libPods-scan_prototype.a in Frameworks */ = {isa = PBXBuildFile; fileRef = FA25957288EB1D5ED784D908 /* libPods-scan_prototype.a */; };
		523E9BCCFB6A464C9DA91D66 /* history.png in Resources */ = {isa = PBXBuildFile; fileRef = EF0978F77BD44A67ACB9CBFA /* history.png */; };
		5951202192EE43F6A6955C8F /* InterDisplay-SemiBold.ttf in Resources */ = {isa = PBXBuildFile; fileRef = 275B5EDFF2BE4E95A8145D4B /* InterDisplay-SemiBold.ttf */; };
		59CCAA65C99048C9925CE74C /* dest7.svg in Resources */ = {isa = PBXBuildFile; fileRef = CEAF56B595C94D2F8987DDA6 /* dest7.svg */; };
		5DDA9A2A05AF4D968E5EA2F8 /* dest_4.png in Resources */ = {isa = PBXBuildFile; fileRef = D789834089D54E99AD36E7E6 /* dest_4.png */; };
		5DF24B32B698465A9080C38A /* new_scan.png in Resources */ = {isa = PBXBuildFile; fileRef = 51DDA6BB3E3F4831B4C7CADF /* new_scan.png */; };
		6073B27504534A48AFC42F21 /* menu.png in Resources */ = {isa = PBXBuildFile; fileRef = 2EA38F77FEFE4B0C9957244A /* menu.png */; };
		615188302C3B4ED88AA78792 /* dest_6.png in Resources */ = {isa = PBXBuildFile; fileRef = 50F2BF99A3A34380A47BD4B4 /* dest_6.png */; };
		67405A961AAC4BB784000015 /* merge.png in Resources */ = {isa = PBXBuildFile; fileRef = 9D2261B3E0ED4CA0A1086462 /* merge.png */; };
		6A001ADD5C224CFC917C9743 /* search.png in Resources */ = {isa = PBXBuildFile; fileRef = 08C72306D2A846B0BED80EE9 /* search.png */; };
		6D965216329C474A9AA8AD44 /* share.png in Resources */ = {isa = PBXBuildFile; fileRef = EFB8F4E7380449058C9EAFB2 /* share.png */; };
		70EA62E8C7764BF28845F00D /* delete.png in Resources */ = {isa = PBXBuildFile; fileRef = 26E71A7D8A974EFD88D4A5F3 /* delete.png */; };
		761780ED2CA45674006654EE /* AppDelegate.swift in Sources */ = {isa = PBXBuildFile; fileRef = 761780EC2CA45674006654EE /* AppDelegate.swift */; };
		7CFEF0FF3DAC46A3812EDF7C /* dest_2.png in Resources */ = {isa = PBXBuildFile; fileRef = 5BB9D9B02A3C435996E955E6 /* dest_2.png */; };
		7D2F8A27C4574039925708C4 /* FB.png in Resources */ = {isa = PBXBuildFile; fileRef = D2DD68E465784F14819CAB0E /* FB.png */; };
		80506E706EC948029E040321 /* dest4.svg in Resources */ = {isa = PBXBuildFile; fileRef = 23049C2E2BEB47A09F8A065A /* dest4.svg */; };
		81AB9BB82411601600AC10FF /* LaunchScreen.storyboard in Resources */ = {isa = PBXBuildFile; fileRef = 81AB9BB72411601600AC10FF /* LaunchScreen.storyboard */; };
		81EB1618D6C14069B5BF577B /* HT1.png in Resources */ = {isa = PBXBuildFile; fileRef = BFE830EB4D57402B984A6952 /* HT1.png */; };
		93587F6AD1CE449CA91BC0D4 /* dots.png in Resources */ = {isa = PBXBuildFile; fileRef = 4A4B6AD6CDDF444FB4AB2F7A /* dots.png */; };
		9D05F685ABE844448043603C /* resend.png in Resources */ = {isa = PBXBuildFile; fileRef = D5CE6FD302E84DE298FA5941 /* resend.png */; };
		9F20D508327C411E8A88433E /* x.png in Resources */ = {isa = PBXBuildFile; fileRef = 350BC9CB335A4823B08725DE /* x.png */; };
		A773C2EB9AF546AEBF04C56F /* HT4.png in Resources */ = {isa = PBXBuildFile; fileRef = 9D9307BE33D649FC95D4BC43 /* HT4.png */; };
		AE4841C74808493B97B21400 /* select.png in Resources */ = {isa = PBXBuildFile; fileRef = D6E6542D82DE4BF7ADED58A8 /* select.png */; };
		AE7CB0040DC84EE5A669813B /* bg_purple.png in Resources */ = {isa = PBXBuildFile; fileRef = 9A9CFCC8AC994ACD94885B06 /* bg_purple.png */; };
		BEBA9262F81B4FEDB2A57432 /* dest_1.png in Resources */ = {isa = PBXBuildFile; fileRef = B8FD4A6C6C0E429DA18BEFA4 /* dest_1.png */; };
		C04660F2550C4EDAA04B2865 /* arrange.png in Resources */ = {isa = PBXBuildFile; fileRef = 7D2A8BD344804E2B8B4CEDC1 /* arrange.png */; };
		C28B572AF9F845FF8536CA5E /* checkmark.png in Resources */ = {isa = PBXBuildFile; fileRef = B14C984887C5440AA04208BE /* checkmark.png */; };
		C5C54047087944809BB6C3C5 /* dest5.svg in Resources */ = {isa = PBXBuildFile; fileRef = E1D89E800D744742A6F38103 /* dest5.svg */; };
		D3D8BD4B6C194A6EAD15A308 /* YT.png in Resources */ = {isa = PBXBuildFile; fileRef = FBD8200F035945888CF79986 /* YT.png */; };
		D5D0F2269ED54291B730E25A /* bg_purple_auth.png in Resources */ = {isa = PBXBuildFile; fileRef = 06806EB58D8047C388194768 /* bg_purple_auth.png */; };
		D9685564A4B8496193175D6D /* Inter-Bold.ttf in Resources */ = {isa = PBXBuildFile; fileRef = 93F4724E58C542ED9B622320 /* Inter-Bold.ttf */; };
		DEE31AC471674A35AD78F10C /* arrow-down.png in Resources */ = {isa = PBXBuildFile; fileRef = F0EF28943E3B4371B1812232 /* arrow-down.png */; };
		E06C7EE30F754F749270A60B /* logo.png in Resources */ = {isa = PBXBuildFile; fileRef = A811C829D98D44AB8AC18498 /* logo.png */; };
		E61639CF2F8A4997AD156BAA /* Inter-Regular.ttf in Resources */ = {isa = PBXBuildFile; fileRef = 5058337D03554285AEE851DE /* Inter-Regular.ttf */; };
		EE544AD22F57034F006A8ECC /* GoogleService-Info.plist in Resources */ = {isa = PBXBuildFile; fileRef = EE544AD12F57034F006A8ECC /* GoogleService-Info.plist */; };
		EE7C50DE2F61DC90002A11EF /* ez.JPG in Resources */ = {isa = PBXBuildFile; fileRef = EE7C50DD2F61DC90002A11EF /* ez.JPG */; };
		EEBFD0CF2EDFB9A000DB59B9 /* intro lesz (1).png in Resources */ = {isa = PBXBuildFile; fileRef = EEBFD0CE2EDFB9A000DB59B9 /* intro lesz (1).png */; };
		EEC303092F5F232F009CC398 /* IMG_2897-1.JPG in Resources */ = {isa = PBXBuildFile; fileRef = EEC303082F5F232F009CC398 /* IMG_2897-1.JPG */; };
		EEE74FB32F76CF0F00A8D15E /* ios_photo.mp3 in Resources */ = {isa = PBXBuildFile; fileRef = 4F9F1F059317434E8F4DDECA /* ios_photo.mp3 */; };
		EEED38D02F631A9A00A152D8 /* 1000006566.jpg in Resources */ = {isa = PBXBuildFile; fileRef = EEED38CF2F631A9A00A152D8 /* 1000006566.jpg */; };
		EEED38D22F631C8B00A152D8 /* Group 5.jpg in Resources */ = {isa = PBXBuildFile; fileRef = EEED38D12F631C8B00A152D8 /* Group 5.jpg */; };
		EEED38D42F631E5000A152D8 /* Group 5 (1).jpg in Resources */ = {isa = PBXBuildFile; fileRef = EEED38D32F631E5000A152D8 /* Group 5 (1).jpg */; };
		EEED38D62F631F1700A152D8 /* Group 5 (2).jpg in Resources */ = {isa = PBXBuildFile; fileRef = EEED38D52F631F1700A152D8 /* Group 5 (2).jpg */; };
		EEED38D82F631FAA00A152D8 /* Group 5 (3).jpg in Resources */ = {isa = PBXBuildFile; fileRef = EEED38D72F631FAA00A152D8 /* Group 5 (3).jpg */; };
		EEED38DA2F641B4D00A152D8 /* IMG_2901.JPG in Resources */ = {isa = PBXBuildFile; fileRef = EEED38D92F641B4D00A152D8 /* IMG_2901.JPG */; };
		EEED38DC2F641D7700A152D8 /* Group 6.png in Resources */ = {isa = PBXBuildFile; fileRef = EEED38DB2F641D7700A152D8 /* Group 6.png */; };
		EEED38DE2F641E2B00A152D8 /* Group 6.jpg in Resources */ = {isa = PBXBuildFile; fileRef = EEED38DD2F641E2B00A152D8 /* Group 6.jpg */; };
		EF6EBD05C5A84CABB8690C01 /* dest2.svg in Resources */ = {isa = PBXBuildFile; fileRef = 5813E75A0D7E44D5B973CAE2 /* dest2.svg */; };
		F833C4B1600F4904A541C67E /* dest_7.png in Resources */ = {isa = PBXBuildFile; fileRef = C03BF4F486C346A6AD574513 /* dest_7.png */; };
		FE46D763A9E54BBFA9BD7F6C /* dest_5.png in Resources */ = {isa = PBXBuildFile; fileRef = 043A796B28934452A52DBB83 /* dest_5.png */; };
/* End PBXBuildFile section */

/* Begin PBXFileReference section */
		043A796B28934452A52DBB83 /* dest_5.png */ = {isa = PBXFileReference; explicitFileType = undefined; fileEncoding = 9; includeInIndex = 0; lastKnownFileType = unknown; name = dest_5.png; path = ../src/assets/dest_5.png; sourceTree = "<group>"; };
		06806EB58D8047C388194768 /* bg_purple_auth.png */ = {isa = PBXFileReference; explicitFileType = undefined; fileEncoding = 9; includeInIndex = 0; lastKnownFileType = unknown; name = bg_purple_auth.png; path = ../src/assets/bg_purple_auth.png; sourceTree = "<group>"; };
		08C72306D2A846B0BED80EE9 /* search.png */ = {isa = PBXFileReference; explicitFileType = undefined; fileEncoding = 9; includeInIndex = 0; lastKnownFileType = unknown; name = search.png; path = ../src/assets/search.png; sourceTree = "<group>"; };
		0F3EB49741E248C7870A7C50 /* destinations.png */ = {isa = PBXFileReference; explicitFileType = undefined; fileEncoding = 9; includeInIndex = 0; lastKnownFileType = unknown; name = destinations.png; path = ../src/assets/destinations.png; sourceTree = "<group>"; };
		12006B38488D40A386A12D16 /* how_to.png */ = {isa = PBXFileReference; explicitFileType = undefined; fileEncoding = 9; includeInIndex = 0; lastKnownFileType = unknown; name = how_to.png; path = ../src/assets/how_to.png; sourceTree = "<group>"; };
		13B07F961A680F5B00A75B9A /* scan_prototype.app */ = {isa = PBXFileReference; explicitFileType = wrapper.application; includeInIndex = 0; path = scan_prototype.app; sourceTree = BUILT_PRODUCTS_DIR; };
		13B07FB51A68108700A75B9A /* Images.xcassets */ = {isa = PBXFileReference; lastKnownFileType = folder.assetcatalog; name = Images.xcassets; path = scan_prototype/Images.xcassets; sourceTree = "<group>"; };
		13B07FB61A68108700A75B9A /* Info.plist */ = {isa = PBXFileReference; fileEncoding = 4; lastKnownFileType = text.plist.xml; name = Info.plist; path = scan_prototype/Info.plist; sourceTree = "<group>"; };
		13B07FB81A68108700A75B9A /* PrivacyInfo.xcprivacy */ = {isa = PBXFileReference; fileEncoding = 4; lastKnownFileType = text.plist.xml; name = PrivacyInfo.xcprivacy; path = scan_prototype/PrivacyInfo.xcprivacy; sourceTree = "<group>"; };
		1A59B8D89A0F488A98B48776 /* trash.png */ = {isa = PBXFileReference; explicitFileType = undefined; fileEncoding = 9; includeInIndex = 0; lastKnownFileType = unknown; name = trash.png; path = ../src/assets/trash.png; sourceTree = "<group>"; };
		1FF8A34622D84E879E4F6732 /* Inter-Medium.ttf */ = {isa = PBXFileReference; explicitFileType = undefined; fileEncoding = 9; includeInIndex = 0; lastKnownFileType = unknown; name = "Inter-Medium.ttf"; path = "../src/assets/fonts/Inter-Medium.ttf"; sourceTree = "<group>"; };
		23049C2E2BEB47A09F8A065A /* dest4.svg */ = {isa = PBXFileReference; explicitFileType = undefined; fileEncoding = 9; includeInIndex = 0; lastKnownFileType = unknown; name = dest4.svg; path = ../src/assets/dest4.svg; sourceTree = "<group>"; };
		24F3CAA1A0094F54AE0147C6 /* HT3.png */ = {isa = PBXFileReference; explicitFileType = undefined; fileEncoding = 9; includeInIndex = 0; lastKnownFileType = unknown; name = HT3.png; path = ../src/assets/HT3.png; sourceTree = "<group>"; };
		26E71A7D8A974EFD88D4A5F3 /* delete.png */ = {isa = PBXFileReference; explicitFileType = undefined; fileEncoding = 9; includeInIndex = 0; lastKnownFileType = unknown; name = delete.png; path = ../src/assets/delete.png; sourceTree = "<group>"; };
		275B5EDFF2BE4E95A8145D4B /* InterDisplay-SemiBold.ttf */ = {isa = PBXFileReference; explicitFileType = undefined; fileEncoding = 9; includeInIndex = 0; lastKnownFileType = unknown; name = "InterDisplay-SemiBold.ttf"; path = "../src/assets/fonts/InterDisplay-SemiBold.ttf"; sourceTree = "<group>"; };
		2EA38F77FEFE4B0C9957244A /* menu.png */ = {isa = PBXFileReference; explicitFileType = undefined; fileEncoding = 9; includeInIndex = 0; lastKnownFileType = unknown; name = menu.png; path = ../src/assets/menu.png; sourceTree = "<group>"; };
		350BC9CB335A4823B08725DE /* x.png */ = {isa = PBXFileReference; explicitFileType = undefined; fileEncoding = 9; includeInIndex = 0; lastKnownFileType = unknown; name = x.png; path = ../src/assets/x.png; sourceTree = "<group>"; };
		4A4B6AD6CDDF444FB4AB2F7A /* dots.png */ = {isa = PBXFileReference; explicitFileType = undefined; fileEncoding = 9; includeInIndex = 0; lastKnownFileType = unknown; name = dots.png; path = ../src/assets/dots.png; sourceTree = "<group>"; };
		4F9F1F059317434E8F4DDECA /* ios_photo.mp3 */ = {isa = PBXFileReference; explicitFileType = undefined; fileEncoding = 9; includeInIndex = 0; lastKnownFileType = unknown; name = ios_photo.mp3; path = ../src/assets/sounds/ios_photo.mp3; sourceTree = "<group>"; };
		5058337D03554285AEE851DE /* Inter-Regular.ttf */ = {isa = PBXFileReference; explicitFileType = undefined; fileEncoding = 9; includeInIndex = 0; lastKnownFileType = unknown; name = "Inter-Regular.ttf"; path = "../src/assets/fonts/Inter-Regular.ttf"; sourceTree = "<group>"; };
		50F2BF99A3A34380A47BD4B4 /* dest_6.png */ = {isa = PBXFileReference; explicitFileType = undefined; fileEncoding = 9; includeInIndex = 0; lastKnownFileType = unknown; name = dest_6.png; path = ../src/assets/dest_6.png; sourceTree = "<group>"; };
		51DDA6BB3E3F4831B4C7CADF /* new_scan.png */ = {isa = PBXFileReference; explicitFileType = undefined; fileEncoding = 9; includeInIndex = 0; lastKnownFileType = unknown; name = new_scan.png; path = ../src/assets/new_scan.png; sourceTree = "<group>"; };
		5813E75A0D7E44D5B973CAE2 /* dest2.svg */ = {isa = PBXFileReference; explicitFileType = undefined; fileEncoding = 9; includeInIndex = 0; lastKnownFileType = unknown; name = dest2.svg; path = ../src/assets/dest2.svg; sourceTree = "<group>"; };
		5BB9D9B02A3C435996E955E6 /* dest_2.png */ = {isa = PBXFileReference; explicitFileType = undefined; fileEncoding = 9; includeInIndex = 0; lastKnownFileType = unknown; name = dest_2.png; path = ../src/assets/dest_2.png; sourceTree = "<group>"; };
		66A5730D8E70436BB8287E66 /* dest_3.png */ = {isa = PBXFileReference; explicitFileType = undefined; fileEncoding = 9; includeInIndex = 0; lastKnownFileType = unknown; name = dest_3.png; path = ../src/assets/dest_3.png; sourceTree = "<group>"; };
		761780EC2CA45674006654EE /* AppDelegate.swift */ = {isa = PBXFileReference; lastKnownFileType = sourcecode.swift; name = AppDelegate.swift; path = scan_prototype/AppDelegate.swift; sourceTree = "<group>"; };
		77A5015B07B44855AE85CC50 /* instagram.png */ = {isa = PBXFileReference; explicitFileType = undefined; fileEncoding = 9; includeInIndex = 0; lastKnownFileType = unknown; name = instagram.png; path = ../src/assets/instagram.png; sourceTree = "<group>"; };
		7A55BE342879468E96DF9EFE /* left_arrow.png */ = {isa = PBXFileReference; explicitFileType = undefined; fileEncoding = 9; includeInIndex = 0; lastKnownFileType = unknown; name = left_arrow.png; path = ../src/assets/left_arrow.png; sourceTree = "<group>"; };
		7D030AA3E64F39EE80251A97 /* Pods-scan_prototype.debug.xcconfig */ = {isa = PBXFileReference; includeInIndex = 1; lastKnownFileType = text.xcconfig; name = "Pods-scan_prototype.debug.xcconfig"; path = "Target Support Files/Pods-scan_prototype/Pods-scan_prototype.debug.xcconfig"; sourceTree = "<group>"; };
		7D2A8BD344804E2B8B4CEDC1 /* arrange.png */ = {isa = PBXFileReference; explicitFileType = undefined; fileEncoding = 9; includeInIndex = 0; lastKnownFileType = unknown; name = arrange.png; path = ../src/assets/arrange.png; sourceTree = "<group>"; };
		8171CFD3B9BB4E45A4E3B3CC /* dest3.svg */ = {isa = PBXFileReference; explicitFileType = undefined; fileEncoding = 9; includeInIndex = 0; lastKnownFileType = unknown; name = dest3.svg; path = ../src/assets/dest3.svg; sourceTree = "<group>"; };
		81AB9BB72411601600AC10FF /* LaunchScreen.storyboard */ = {isa = PBXFileReference; fileEncoding = 4; lastKnownFileType = file.storyboard; name = LaunchScreen.storyboard; path = scan_prototype/LaunchScreen.storyboard; sourceTree = "<group>"; };
		8AE010949B104DB5867ABD20 /* dest1.svg */ = {isa = PBXFileReference; explicitFileType = undefined; fileEncoding = 9; includeInIndex = 0; lastKnownFileType = unknown; name = dest1.svg; path = ../src/assets/dest1.svg; sourceTree = "<group>"; };
		93F4724E58C542ED9B622320 /* Inter-Bold.ttf */ = {isa = PBXFileReference; explicitFileType = undefined; fileEncoding = 9; includeInIndex = 0; lastKnownFileType = unknown; name = "Inter-Bold.ttf"; path = "../src/assets/fonts/Inter-Bold.ttf"; sourceTree = "<group>"; };
		94CDC2180C554F08A0621BA6 /* HT5.png */ = {isa = PBXFileReference; explicitFileType = undefined; fileEncoding = 9; includeInIndex = 0; lastKnownFileType = unknown; name = HT5.png; path = ../src/assets/HT5.png; sourceTree = "<group>"; };
		9A9CFCC8AC994ACD94885B06 /* bg_purple.png */ = {isa = PBXFileReference; explicitFileType = undefined; fileEncoding = 9; includeInIndex = 0; lastKnownFileType = unknown; name = bg_purple.png; path = ../src/assets/bg_purple.png; sourceTree = "<group>"; };
		9D2261B3E0ED4CA0A1086462 /* merge.png */ = {isa = PBXFileReference; explicitFileType = undefined; fileEncoding = 9; includeInIndex = 0; lastKnownFileType = unknown; name = merge.png; path = ../src/assets/merge.png; sourceTree = "<group>"; };
		9D9307BE33D649FC95D4BC43 /* HT4.png */ = {isa = PBXFileReference; explicitFileType = undefined; fileEncoding = 9; includeInIndex = 0; lastKnownFileType = unknown; name = HT4.png; path = ../src/assets/HT4.png; sourceTree = "<group>"; };
		9EDF867A18384F7EB33882D5 /* settings.png */ = {isa = PBXFileReference; explicitFileType = undefined; fileEncoding = 9; includeInIndex = 0; lastKnownFileType = unknown; name = settings.png; path = ../src/assets/settings.png; sourceTree = "<group>"; };
		A811C829D98D44AB8AC18498 /* logo.png */ = {isa = PBXFileReference; explicitFileType = undefined; fileEncoding = 9; includeInIndex = 0; lastKnownFileType = unknown; name = logo.png; path = ../src/assets/logo.png; sourceTree = "<group>"; };
		B14C984887C5440AA04208BE /* checkmark.png */ = {isa = PBXFileReference; explicitFileType = undefined; fileEncoding = 9; includeInIndex = 0; lastKnownFileType = unknown; name = checkmark.png; path = ../src/assets/checkmark.png; sourceTree = "<group>"; };
		B8FD4A6C6C0E429DA18BEFA4 /* dest_1.png */ = {isa = PBXFileReference; explicitFileType = undefined; fileEncoding = 9; includeInIndex = 0; lastKnownFileType = unknown; name = dest_1.png; path = ../src/assets/dest_1.png; sourceTree = "<group>"; };
		BFE830EB4D57402B984A6952 /* HT1.png */ = {isa = PBXFileReference; explicitFileType = undefined; fileEncoding = 9; includeInIndex = 0; lastKnownFileType = unknown; name = HT1.png; path = ../src/assets/HT1.png; sourceTree = "<group>"; };
		C03BF4F486C346A6AD574513 /* dest_7.png */ = {isa = PBXFileReference; explicitFileType = undefined; fileEncoding = 9; includeInIndex = 0; lastKnownFileType = unknown; name = dest_7.png; path = ../src/assets/dest_7.png; sourceTree = "<group>"; };
		CEAF56B595C94D2F8987DDA6 /* dest7.svg */ = {isa = PBXFileReference; explicitFileType = undefined; fileEncoding = 9; includeInIndex = 0; lastKnownFileType = unknown; name = dest7.svg; path = ../src/assets/dest7.svg; sourceTree = "<group>"; };
		D2DD68E465784F14819CAB0E /* FB.png */ = {isa = PBXFileReference; explicitFileType = undefined; fileEncoding = 9; includeInIndex = 0; lastKnownFileType = unknown; name = FB.png; path = ../src/assets/FB.png; sourceTree = "<group>"; };
		D57170E0BC5A521F13BDCB21 /* Pods-scan_prototype.release.xcconfig */ = {isa = PBXFileReference; includeInIndex = 1; lastKnownFileType = text.xcconfig; name = "Pods-scan_prototype.release.xcconfig"; path = "Target Support Files/Pods-scan_prototype/Pods-scan_prototype.release.xcconfig"; sourceTree = "<group>"; };
		D5CE6FD302E84DE298FA5941 /* resend.png */ = {isa = PBXFileReference; explicitFileType = undefined; fileEncoding = 9; includeInIndex = 0; lastKnownFileType = unknown; name = resend.png; path = ../src/assets/resend.png; sourceTree = "<group>"; };
		D6E6542D82DE4BF7ADED58A8 /* select.png */ = {isa = PBXFileReference; explicitFileType = undefined; fileEncoding = 9; includeInIndex = 0; lastKnownFileType = unknown; name = select.png; path = ../src/assets/select.png; sourceTree = "<group>"; };
		D789834089D54E99AD36E7E6 /* dest_4.png */ = {isa = PBXFileReference; explicitFileType = undefined; fileEncoding = 9; includeInIndex = 0; lastKnownFileType = unknown; name = dest_4.png; path = ../src/assets/dest_4.png; sourceTree = "<group>"; };
		DAB6AE71C6974EA4B7202C6C /* HT2.png */ = {isa = PBXFileReference; explicitFileType = undefined; fileEncoding = 9; includeInIndex = 0; lastKnownFileType = unknown; name = HT2.png; path = ../src/assets/HT2.png; sourceTree = "<group>"; };
		E1D89E800D744742A6F38103 /* dest5.svg */ = {isa = PBXFileReference; explicitFileType = undefined; fileEncoding = 9; includeInIndex = 0; lastKnownFileType = unknown; name = dest5.svg; path = ../src/assets/dest5.svg; sourceTree = "<group>"; };
		E5C72B24076643D19B85B350 /* select-destination.png */ = {isa = PBXFileReference; explicitFileType = undefined; fileEncoding = 9; includeInIndex = 0; lastKnownFileType = unknown; name = "select-destination.png"; path = "../src/assets/select-destination.png"; sourceTree = "<group>"; };
		ED297162215061F000B7C4FE /* JavaScriptCore.framework */ = {isa = PBXFileReference; lastKnownFileType = wrapper.framework; name = JavaScriptCore.framework; path = System/Library/Frameworks/JavaScriptCore.framework; sourceTree = SDKROOT; };
		EE544AD12F57034F006A8ECC /* GoogleService-Info.plist */ = {isa = PBXFileReference; lastKnownFileType = text.plist.xml; path = "GoogleService-Info.plist"; sourceTree = "<group>"; };
		EE7C50DD2F61DC90002A11EF /* ez.JPG */ = {isa = PBXFileReference; lastKnownFileType = image.jpeg; path = ez.JPG; sourceTree = "<group>"; };
		EEBFD0CE2EDFB9A000DB59B9 /* intro lesz (1).png */ = {isa = PBXFileReference; lastKnownFileType = image.png; path = "intro lesz (1).png"; sourceTree = "<group>"; };
		EEC303082F5F232F009CC398 /* IMG_2897-1.JPG */ = {isa = PBXFileReference; lastKnownFileType = image.jpeg; path = "IMG_2897-1.JPG"; sourceTree = "<group>"; };
		EEED38CF2F631A9A00A152D8 /* 1000006566.jpg */ = {isa = PBXFileReference; lastKnownFileType = image.jpeg; path = 1000006566.jpg; sourceTree = "<group>"; };
		EEED38D12F631C8B00A152D8 /* Group 5.jpg */ = {isa = PBXFileReference; lastKnownFileType = image.jpeg; path = "Group 5.jpg"; sourceTree = "<group>"; };
		EEED38D32F631E5000A152D8 /* Group 5 (1).jpg */ = {isa = PBXFileReference; lastKnownFileType = image.jpeg; path = "Group 5 (1).jpg"; sourceTree = "<group>"; };
		EEED38D52F631F1700A152D8 /* Group 5 (2).jpg */ = {isa = PBXFileReference; lastKnownFileType = image.jpeg; path = "Group 5 (2).jpg"; sourceTree = "<group>"; };
		EEED38D72F631FAA00A152D8 /* Group 5 (3).jpg */ = {isa = PBXFileReference; lastKnownFileType = image.jpeg; path = "Group 5 (3).jpg"; sourceTree = "<group>"; };
		EEED38D92F641B4D00A152D8 /* IMG_2901.JPG */ = {isa = PBXFileReference; lastKnownFileType = image.jpeg; path = IMG_2901.JPG; sourceTree = "<group>"; };
		EEED38DB2F641D7700A152D8 /* Group 6.png */ = {isa = PBXFileReference; lastKnownFileType = image.png; path = "Group 6.png"; sourceTree = "<group>"; };
		EEED38DD2F641E2B00A152D8 /* Group 6.jpg */ = {isa = PBXFileReference; lastKnownFileType = image.jpeg; path = "Group 6.jpg"; sourceTree = "<group>"; };
		EF0978F77BD44A67ACB9CBFA /* history.png */ = {isa = PBXFileReference; explicitFileType = undefined; fileEncoding = 9; includeInIndex = 0; lastKnownFileType = unknown; name = history.png; path = ../src/assets/history.png; sourceTree = "<group>"; };
		EFB8F4E7380449058C9EAFB2 /* share.png */ = {isa = PBXFileReference; explicitFileType = undefined; fileEncoding = 9; includeInIndex = 0; lastKnownFileType = unknown; name = share.png; path = ../src/assets/share.png; sourceTree = "<group>"; };
		F0EF28943E3B4371B1812232 /* arrow-down.png */ = {isa = PBXFileReference; explicitFileType = undefined; fileEncoding = 9; includeInIndex = 0; lastKnownFileType = unknown; name = "arrow-down.png"; path = "../src/assets/arrow-down.png"; sourceTree = "<group>"; };
		FA25957288EB1D5ED784D908 /* libPods-scan_prototype.a */ = {isa = PBXFileReference; explicitFileType = archive.ar; includeInIndex = 0; path = "libPods-scan_prototype.a"; sourceTree = BUILT_PRODUCTS_DIR; };
		FBD8200F035945888CF79986 /* YT.png */ = {isa = PBXFileReference; explicitFileType = undefined; fileEncoding = 9; includeInIndex = 0; lastKnownFileType = unknown; name = YT.png; path = ../src/assets/YT.png; sourceTree = "<group>"; };
		FCC95E4208A7469DAFA67C19 /* dest6.svg */ = {isa = PBXFileReference; explicitFileType = undefined; fileEncoding = 9; includeInIndex = 0; lastKnownFileType = unknown; name = dest6.svg; path = ../src/assets/dest6.svg; sourceTree = "<group>"; };
/* End PBXFileReference section */

/* Begin PBXFrameworksBuildPhase section */
		13B07F8C1A680F5B00A75B9A /* Frameworks */ = {
			isa = PBXFrameworksBuildPhase;
			buildActionMask = 2147483647;
			files = (
				4FFD291EF4155D0716134B98 /* libPods-scan_prototype.a in Frameworks */,
			);
			runOnlyForDeploymentPostprocessing = 0;
		};
/* End PBXFrameworksBuildPhase section */

/* Begin PBXGroup section */
		13B07FAE1A68108700A75B9A /* scan_prototype */ = {
			isa = PBXGroup;
			children = (
				13B07FB51A68108700A75B9A /* Images.xcassets */,
				761780EC2CA45674006654EE /* AppDelegate.swift */,
				EE544AD12F57034F006A8ECC /* GoogleService-Info.plist */,
				EEBFD0CE2EDFB9A000DB59B9 /* intro lesz (1).png */,
				EEED38D92F641B4D00A152D8 /* IMG_2901.JPG */,
				EEED38DD2F641E2B00A152D8 /* Group 6.jpg */,
				EEED38DB2F641D7700A152D8 /* Group 6.png */,
				EEC303082F5F232F009CC398 /* IMG_2897-1.JPG */,
				EEED38D72F631FAA00A152D8 /* Group 5 (3).jpg */,
				EEED38D52F631F1700A152D8 /* Group 5 (2).jpg */,
				EEED38D32F631E5000A152D8 /* Group 5 (1).jpg */,
				EEED38D12F631C8B00A152D8 /* Group 5.jpg */,
				EEED38CF2F631A9A00A152D8 /* 1000006566.jpg */,
				EE7C50DD2F61DC90002A11EF /* ez.JPG */,
				13B07FB61A68108700A75B9A /* Info.plist */,
				81AB9BB72411601600AC10FF /* LaunchScreen.storyboard */,
				13B07FB81A68108700A75B9A /* PrivacyInfo.xcprivacy */,
			);
			name = scan_prototype;
			sourceTree = "<group>";
		};
		2D16E6871FA4F8E400B85C8A /* Frameworks */ = {
			isa = PBXGroup;
			children = (
				ED297162215061F000B7C4FE /* JavaScriptCore.framework */,
				FA25957288EB1D5ED784D908 /* libPods-scan_prototype.a */,
			);
			name = Frameworks;
			sourceTree = "<group>";
		};
		832341AE1AAA6A7D00B99B32 /* Libraries */ = {
			isa = PBXGroup;
			children = (
			);
			name = Libraries;
			sourceTree = "<group>";
		};
		83CBB9F61A601CBA00E9B192 = {
			isa = PBXGroup;
			children = (
				13B07FAE1A68108700A75B9A /* scan_prototype */,
				832341AE1AAA6A7D00B99B32 /* Libraries */,
				83CBBA001A601CBA00E9B192 /* Products */,
				2D16E6871FA4F8E400B85C8A /* Frameworks */,
				BBD78D7AC51CEA395F1C20DB /* Pods */,
				EA0AA8399CB34FB4982B1A20 /* Resources */,
			);
			indentWidth = 2;
			sourceTree = "<group>";
			tabWidth = 2;
			usesTabs = 0;
		};
		83CBBA001A601CBA00E9B192 /* Products */ = {
			isa = PBXGroup;
			children = (
				13B07F961A680F5B00A75B9A /* scan_prototype.app */,
			);
			name = Products;
			sourceTree = "<group>";
		};
		BBD78D7AC51CEA395F1C20DB /* Pods */ = {
			isa = PBXGroup;
			children = (
				7D030AA3E64F39EE80251A97 /* Pods-scan_prototype.debug.xcconfig */,
				D57170E0BC5A521F13BDCB21 /* Pods-scan_prototype.release.xcconfig */,
			);
			path = Pods;
			sourceTree = "<group>";
		};
		EA0AA8399CB34FB4982B1A20 /* Resources */ = {
			isa = PBXGroup;
			children = (
				1FF8A34622D84E879E4F6732 /* Inter-Medium.ttf */,
				93F4724E58C542ED9B622320 /* Inter-Bold.ttf */,
				275B5EDFF2BE4E95A8145D4B /* InterDisplay-SemiBold.ttf */,
				5058337D03554285AEE851DE /* Inter-Regular.ttf */,
				C03BF4F486C346A6AD574513 /* dest_7.png */,
				50F2BF99A3A34380A47BD4B4 /* dest_6.png */,
				D5CE6FD302E84DE298FA5941 /* resend.png */,
				94CDC2180C554F08A0621BA6 /* HT5.png */,
				FBD8200F035945888CF79986 /* YT.png */,
				D789834089D54E99AD36E7E6 /* dest_4.png */,
				043A796B28934452A52DBB83 /* dest_5.png */,
				9D9307BE33D649FC95D4BC43 /* HT4.png */,
				B8FD4A6C6C0E429DA18BEFA4 /* dest_1.png */,
				BFE830EB4D57402B984A6952 /* HT1.png */,
				9EDF867A18384F7EB33882D5 /* settings.png */,
				24F3CAA1A0094F54AE0147C6 /* HT3.png */,
				5BB9D9B02A3C435996E955E6 /* dest_2.png */,
				7A55BE342879468E96DF9EFE /* left_arrow.png */,
				77A5015B07B44855AE85CC50 /* instagram.png */,
				350BC9CB335A4823B08725DE /* x.png */,
				66A5730D8E70436BB8287E66 /* dest_3.png */,
				DAB6AE71C6974EA4B7202C6C /* HT2.png */,
				D2DD68E465784F14819CAB0E /* FB.png */,
				9A9CFCC8AC994ACD94885B06 /* bg_purple.png */,
				4A4B6AD6CDDF444FB4AB2F7A /* dots.png */,
				F0EF28943E3B4371B1812232 /* arrow-down.png */,
				B14C984887C5440AA04208BE /* checkmark.png */,
				08C72306D2A846B0BED80EE9 /* search.png */,
				EF0978F77BD44A67ACB9CBFA /* history.png */,
				2EA38F77FEFE4B0C9957244A /* menu.png */,
				9D2261B3E0ED4CA0A1086462 /* merge.png */,
				0F3EB49741E248C7870A7C50 /* destinations.png */,
				A811C829D98D44AB8AC18498 /* logo.png */,
				EFB8F4E7380449058C9EAFB2 /* share.png */,
				12006B38488D40A386A12D16 /* how_to.png */,
				26E71A7D8A974EFD88D4A5F3 /* delete.png */,
				FCC95E4208A7469DAFA67C19 /* dest6.svg */,
				D6E6542D82DE4BF7ADED58A8 /* select.png */,
				CEAF56B595C94D2F8987DDA6 /* dest7.svg */,
				E1D89E800D744742A6F38103 /* dest5.svg */,
				E5C72B24076643D19B85B350 /* select-destination.png */,
				1A59B8D89A0F488A98B48776 /* trash.png */,
				23049C2E2BEB47A09F8A065A /* dest4.svg */,
				51DDA6BB3E3F4831B4C7CADF /* new_scan.png */,
				8AE010949B104DB5867ABD20 /* dest1.svg */,
				8171CFD3B9BB4E45A4E3B3CC /* dest3.svg */,
				7D2A8BD344804E2B8B4CEDC1 /* arrange.png */,
				06806EB58D8047C388194768 /* bg_purple_auth.png */,
				5813E75A0D7E44D5B973CAE2 /* dest2.svg */,
				4F9F1F059317434E8F4DDECA /* ios_photo.mp3 */,
			);
			name = Resources;
			sourceTree = "<group>";
		};
/* End PBXGroup section */

/* Begin PBXNativeTarget section */
		13B07F861A680F5B00A75B9A /* scan_prototype */ = {
			isa = PBXNativeTarget;
			buildConfigurationList = 13B07F931A680F5B00A75B9A /* Build configuration list for PBXNativeTarget "scan_prototype" */;
			buildPhases = (
				80650581AEA44086DDF4358A /* [CP] Check Pods Manifest.lock */,
				13B07F871A680F5B00A75B9A /* Sources */,
				13B07F8C1A680F5B00A75B9A /* Frameworks */,
				13B07F8E1A680F5B00A75B9A /* Resources */,
				00DD1BFF1BD5951E006B06BC /* Bundle React Native code and images */,
				BD82FD764BBAAD3BC2450F26 /* [CP] Embed Pods Frameworks */,
				1159EE17FFDB0DC1905B7657 /* [CP] Copy Pods Resources */,
				24A3EAC1FE5E158F5C0B6A8B /* [CP-User] [RNFB] Core Configuration */,
			);
			buildRules = (
			);
			dependencies = (
			);
			name = scan_prototype;
			productName = scan_prototype;
			productReference = 13B07F961A680F5B00A75B9A /* scan_prototype.app */;
			productType = "com.apple.product-type.application";
		};
/* End PBXNativeTarget section */

/* Begin PBXProject section */
		83CBB9F71A601CBA00E9B192 /* Project object */ = {
			isa = PBXProject;
			attributes = {
				LastUpgradeCheck = 1210;
				TargetAttributes = {
					13B07F861A680F5B00A75B9A = {
						LastSwiftMigration = 1120;
					};
				};
			};
			buildConfigurationList = 83CBB9FA1A601CBA00E9B192 /* Build configuration list for PBXProject "scan_prototype" */;
			compatibilityVersion = "Xcode 12.0";
			developmentRegion = en;
			hasScannedForEncodings = 0;
			knownRegions = (
				en,
				Base,
			);
			mainGroup = 83CBB9F61A601CBA00E9B192;
			productRefGroup = 83CBBA001A601CBA00E9B192 /* Products */;
			projectDirPath = "";
			projectRoot = "";
			targets = (
				13B07F861A680F5B00A75B9A /* scan_prototype */,
			);
		};
/* End PBXProject section */

/* Begin PBXResourcesBuildPhase section */
		13B07F8E1A680F5B00A75B9A /* Resources */ = {
			isa = PBXResourcesBuildPhase;
			buildActionMask = 2147483647;
			files = (
				EEBFD0CF2EDFB9A000DB59B9 /* intro lesz (1).png in Resources */,
				EEED38D02F631A9A00A152D8 /* 1000006566.jpg in Resources */,
				EEC303092F5F232F009CC398 /* IMG_2897-1.JPG in Resources */,
				81AB9BB82411601600AC10FF /* LaunchScreen.storyboard in Resources */,
				EEED38D82F631FAA00A152D8 /* Group 5 (3).jpg in Resources */,
				EEED38D42F631E5000A152D8 /* Group 5 (1).jpg in Resources */,
				EE544AD22F57034F006A8ECC /* GoogleService-Info.plist in Resources */,
				13B07FBF1A68108700A75B9A /* Images.xcassets in Resources */,
				EEED38DA2F641B4D00A152D8 /* IMG_2901.JPG in Resources */,
				EEED38DC2F641D7700A152D8 /* Group 6.png in Resources */,
				EEED38DE2F641E2B00A152D8 /* Group 6.jpg in Resources */,
				EEED38D62F631F1700A152D8 /* Group 5 (2).jpg in Resources */,
				EE7C50DE2F61DC90002A11EF /* ez.JPG in Resources */,
				EEED38D22F631C8B00A152D8 /* Group 5.jpg in Resources */,
				1DF15519676EBB8047371FEE /* PrivacyInfo.xcprivacy in Resources */,
				3C57285B14A8414BA4DE6D8E /* Inter-Medium.ttf in Resources */,
				D9685564A4B8496193175D6D /* Inter-Bold.ttf in Resources */,
				5951202192EE43F6A6955C8F /* InterDisplay-SemiBold.ttf in Resources */,
				E61639CF2F8A4997AD156BAA /* Inter-Regular.ttf in Resources */,
				F833C4B1600F4904A541C67E /* dest_7.png in Resources */,
				615188302C3B4ED88AA78792 /* dest_6.png in Resources */,
				9D05F685ABE844448043603C /* resend.png in Resources */,
				02DD7DF692D544D9959EB493 /* HT5.png in Resources */,
				D3D8BD4B6C194A6EAD15A308 /* YT.png in Resources */,
				5DDA9A2A05AF4D968E5EA2F8 /* dest_4.png in Resources */,
				FE46D763A9E54BBFA9BD7F6C /* dest_5.png in Resources */,
				A773C2EB9AF546AEBF04C56F /* HT4.png in Resources */,
				BEBA9262F81B4FEDB2A57432 /* dest_1.png in Resources */,
				81EB1618D6C14069B5BF577B /* HT1.png in Resources */,
				3B97FBA98776405BBE8B5A50 /* settings.png in Resources */,
				4B80C3B6C0CC493FAEB2AD09 /* HT3.png in Resources */,
				7CFEF0FF3DAC46A3812EDF7C /* dest_2.png in Resources */,
				38164F47161C4E579ED967E4 /* left_arrow.png in Resources */,
				30726508AF3E489EA1F2B887 /* instagram.png in Resources */,
				9F20D508327C411E8A88433E /* x.png in Resources */,
				2BD11DBC7DB04B41B74B2F65 /* dest_3.png in Resources */,
				22F8627766004912932F4437 /* HT2.png in Resources */,
				7D2F8A27C4574039925708C4 /* FB.png in Resources */,
				AE7CB0040DC84EE5A669813B /* bg_purple.png in Resources */,
				93587F6AD1CE449CA91BC0D4 /* dots.png in Resources */,
				DEE31AC471674A35AD78F10C /* arrow-down.png in Resources */,
				C28B572AF9F845FF8536CA5E /* checkmark.png in Resources */,
				6A001ADD5C224CFC917C9743 /* search.png in Resources */,
				523E9BCCFB6A464C9DA91D66 /* history.png in Resources */,
				6073B27504534A48AFC42F21 /* menu.png in Resources */,
				67405A961AAC4BB784000015 /* merge.png in Resources */,
				22C6A5EE54F94A9DAF9222D5 /* destinations.png in Resources */,
				E06C7EE30F754F749270A60B /* logo.png in Resources */,
				6D965216329C474A9AA8AD44 /* share.png in Resources */,
				07DE658CF4954CD5AB48CEF5 /* how_to.png in Resources */,
				70EA62E8C7764BF28845F00D /* delete.png in Resources */,
				0E08807504814D429FD7D75C /* dest6.svg in Resources */,
				AE4841C74808493B97B21400 /* select.png in Resources */,
				59CCAA65C99048C9925CE74C /* dest7.svg in Resources */,
				C5C54047087944809BB6C3C5 /* dest5.svg in Resources */,
				12A46CD43F614DAF8C4F095A /* select-destination.png in Resources */,
				2121D3BFB0124C418C721089 /* trash.png in Resources */,
				80506E706EC948029E040321 /* dest4.svg in Resources */,
				5DF24B32B698465A9080C38A /* new_scan.png in Resources */,
				088A7518296B4C538124DABE /* dest1.svg in Resources */,
				EEE74FB32F76CF0F00A8D15E /* ios_photo.mp3 in Resources */,
				155A0EFEAAEB4053A975B4AE /* dest3.svg in Resources */,
				C04660F2550C4EDAA04B2865 /* arrange.png in Resources */,
				D5D0F2269ED54291B730E25A /* bg_purple_auth.png in Resources */,
				EF6EBD05C5A84CABB8690C01 /* dest2.svg in Resources */,
			);
			runOnlyForDeploymentPostprocessing = 0;
		};
/* End PBXResourcesBuildPhase section */

/* Begin PBXShellScriptBuildPhase section */
		00DD1BFF1BD5951E006B06BC /* Bundle React Native code and images */ = {
			isa = PBXShellScriptBuildPhase;
			buildActionMask = 2147483647;
			files = (
			);
			inputPaths = (
				"$(SRCROOT)/.xcode.env.local",
				"$(SRCROOT)/.xcode.env",
			);
			name = "Bundle React Native code and images";
			outputPaths = (
			);
			runOnlyForDeploymentPostprocessing = 0;
			shellPath = /bin/sh;
			shellScript = "set -e\n\nWITH_ENVIRONMENT=\"$REACT_NATIVE_PATH/scripts/xcode/with-environment.sh\"\nREACT_NATIVE_XCODE=\"$REACT_NATIVE_PATH/scripts/react-native-xcode.sh\"\n\n/bin/sh -c \"$WITH_ENVIRONMENT $REACT_NATIVE_XCODE\"\n";
		};
		1159EE17FFDB0DC1905B7657 /* [CP] Copy Pods Resources */ = {
			isa = PBXShellScriptBuildPhase;
			buildActionMask = 2147483647;
			files = (
			);
			inputFileListPaths = (
				"${PODS_ROOT}/Target Support Files/Pods-scan_prototype/Pods-scan_prototype-resources-${CONFIGURATION}-input-files.xcfilelist",
			);
			inputPaths = (
			);
			name = "[CP] Copy Pods Resources";
			outputFileListPaths = (
				"${PODS_ROOT}/Target Support Files/Pods-scan_prototype/Pods-scan_prototype-resources-${CONFIGURATION}-output-files.xcfilelist",
			);
			outputPaths = (
			);
			runOnlyForDeploymentPostprocessing = 0;
			shellPath = /bin/sh;
			shellScript = "\"${PODS_ROOT}/Target Support Files/Pods-scan_prototype/Pods-scan_prototype-resources.sh\"\n";
			showEnvVarsInLog = 0;
		};
		24A3EAC1FE5E158F5C0B6A8B /* [CP-User] [RNFB] Core Configuration */ = {
			isa = PBXShellScriptBuildPhase;
			buildActionMask = 2147483647;
			files = (
			);
			inputPaths = (
				"$(BUILT_PRODUCTS_DIR)/$(INFOPLIST_PATH)",
			);
			name = "[CP-User] [RNFB] Core Configuration";
			outputPaths = (
			);
			runOnlyForDeploymentPostprocessing = 0;
			shellPath = /bin/sh;
			shellScript = "#!/usr/bin/env bash\n#\n# Copyright (c) 2016-present Invertase Limited & Contributors\n#\n# Licensed under the Apache License, Version 2.0 (the \"License\");\n# you may not use this library except in compliance with the License.\n# You may obtain a copy of the License at\n#\n#   http://www.apache.org/licenses/LICENSE-2.0\n#\n# Unless required by applicable law or agreed to in writing, software\n# distributed under the License is distributed on an \"AS IS\" BASIS,\n# WITHOUT WARRANTIES OR CONDITIONS OF ANY KIND, either express or implied.\n# See the License for the specific language governing permissions and\n# limitations under the License.\n#\nset -e\n\n_MAX_LOOKUPS=2;\n_SEARCH_RESULT=''\n_RN_ROOT_EXISTS=''\n_CURRENT_LOOKUPS=1\n_JSON_ROOT=\"'react-native'\"\n_JSON_FILE_NAME='firebase.json'\n_JSON_OUTPUT_BASE64='e30=' # { }\n_CURRENT_SEARCH_DIR=${PROJECT_DIR}\n_PLIST_BUDDY=/usr/libexec/PlistBuddy\n_TARGET_PLIST=\"${BUILT_PRODUCTS_DIR}/${INFOPLIST_PATH}\"\n_DSYM_PLIST=\"${DWARF_DSYM_FOLDER_PATH}/${DWARF_DSYM_FILE_NAME}/Contents/Info.plist\"\n\n# plist arrays\n_PLIST_ENTRY_KEYS=()\n_PLIST_ENTRY_TYPES=()\n_PLIST_ENTRY_VALUES=()\n\nfunction setPlistValue {\n  echo \"info:      setting plist entry '$1' of type '$2' in file '$4'\"\n  ${_PLIST_BUDDY} -c \"Add :$1 $2 '$3'\" $4 || echo \"info:      '$1' already exists\"\n}\n\nfunction getFirebaseJsonKeyValue () {\n  if [[ ${_RN_ROOT_EXISTS} ]]; then\n    ruby -Ku -e \"require 'rubygems';require 'json'; output=JSON.parse('$1'); puts output[$_JSON_ROOT]['$2']\"\n  else\n    echo \"\"\n  fi;\n}\n\nfunction jsonBoolToYesNo () {\n  if [[ $1 == \"false\" ]]; then\n    echo \"NO\"\n  elif [[ $1 == \"true\" ]]; then\n    echo \"YES\"\n  else echo \"NO\"\n  fi\n}\n\necho \"info: -> RNFB build script started\"\necho \"info: 1) Locating ${_JSON_FILE_NAME} file:\"\n\nif [[ -z ${_CURRENT_SEARCH_DIR} ]]; then\n  _CURRENT_SEARCH_DIR=$(pwd)\nfi;\n\nwhile true; do\n  _CURRENT_SEARCH_DIR=$(dirname \"$_CURRENT_SEARCH_DIR\")\n  if [[ \"$_CURRENT_SEARCH_DIR\" == \"/\" ]] || [[ ${_CURRENT_LOOKUPS} -gt ${_MAX_LOOKUPS} ]]; then break; fi;\n  echo \"info:      ($_CURRENT_LOOKUPS of $_MAX_LOOKUPS) Searching in '$_CURRENT_SEARCH_DIR' for a ${_JSON_FILE_NAME} file.\"\n  _SEARCH_RESULT=$(find \"$_CURRENT_SEARCH_DIR\" -maxdepth 2 -name ${_JSON_FILE_NAME} -print | /usr/bin/head -n 1)\n  if [[ ${_SEARCH_RESULT} ]]; then\n    echo \"info:      ${_JSON_FILE_NAME} found at $_SEARCH_RESULT\"\n    break;\n  fi;\n  _CURRENT_LOOKUPS=$((_CURRENT_LOOKUPS+1))\ndone\n\nif [[ ${_SEARCH_RESULT} ]]; then\n  _JSON_OUTPUT_RAW=$(cat \"${_SEARCH_RESULT}\")\n  _RN_ROOT_EXISTS=$(ruby -Ku -e \"require 'rubygems';require 'json'; output=JSON.parse('$_JSON_OUTPUT_RAW'); puts output[$_JSON_ROOT]\" || echo '')\n\n  if [[ ${_RN_ROOT_EXISTS} ]]; then\n    if ! python3 --version >/dev/null 2>&1; then echo \"python3 not found, firebase.json file processing error.\" && exit 1; fi\n    _JSON_OUTPUT_BASE64=$(python3 -c 'import json,sys,base64;print(base64.b64encode(bytes(json.dumps(json.loads(open('\"'${_SEARCH_RESULT}'\"', '\"'rb'\"').read())['${_JSON_ROOT}']), '\"'utf-8'\"')).decode())' || echo \"e30=\")\n  fi\n\n  _PLIST_ENTRY_KEYS+=(\"firebase_json_raw\")\n  _PLIST_ENTRY_TYPES+=(\"string\")\n  _PLIST_ENTRY_VALUES+=(\"$_JSON_OUTPUT_BASE64\")\n\n  # config.app_data_collection_default_enabled\n  _APP_DATA_COLLECTION_ENABLED=$(getFirebaseJsonKeyValue \"$_JSON_OUTPUT_RAW\" \"app_data_collection_default_enabled\")\n  if [[ $_APP_DATA_COLLECTION_ENABLED ]]; then\n    _PLIST_ENTRY_KEYS+=(\"FirebaseDataCollectionDefaultEnabled\")\n    _PLIST_ENTRY_TYPES+=(\"bool\")\n    _PLIST_ENTRY_VALUES+=(\"$(jsonBoolToYesNo \"$_APP_DATA_COLLECTION_ENABLED\")\")\n  fi\n\n  # config.analytics_auto_collection_enabled\n  _ANALYTICS_AUTO_COLLECTION=$(getFirebaseJsonKeyValue \"$_JSON_OUTPUT_RAW\" \"analytics_auto_collection_enabled\")\n  if [[ $_ANALYTICS_AUTO_COLLECTION ]]; then\n    _PLIST_ENTRY_KEYS+=(\"FIREBASE_ANALYTICS_COLLECTION_ENABLED\")\n    _PLIST_ENTRY_TYPES+=(\"bool\")\n    _PLIST_ENTRY_VALUES+=(\"$(jsonBoolToYesNo \"$_ANALYTICS_AUTO_COLLECTION\")\")\n  fi\n\n  # config.analytics_collection_deactivated\n  _ANALYTICS_DEACTIVATED=$(getFirebaseJsonKeyValue \"$_JSON_OUTPUT_RAW\" \"analytics_collection_deactivated\")\n  if [[ $_ANALYTICS_DEACTIVATED ]]; then\n    _PLIST_ENTRY_KEYS+=(\"FIREBASE_ANALYTICS_COLLECTION_DEACTIVATED\")\n    _PLIST_ENTRY_TYPES+=(\"bool\")\n    _PLIST_ENTRY_VALUES+=(\"$(jsonBoolToYesNo \"$_ANALYTICS_DEACTIVATED\")\")\n  fi\n\n  # config.analytics_idfv_collection_enabled\n  _ANALYTICS_IDFV_COLLECTION=$(getFirebaseJsonKeyValue \"$_JSON_OUTPUT_RAW\" \"analytics_idfv_collection_enabled\")\n  if [[ $_ANALYTICS_IDFV_COLLECTION ]]; then\n    _PLIST_ENTRY_KEYS+=(\"GOOGLE_ANALYTICS_IDFV_COLLECTION_ENABLED\")\n    _PLIST_ENTRY_TYPES+=(\"bool\")\n    _PLIST_ENTRY_VALUES+=(\"$(jsonBoolToYesNo \"$_ANALYTICS_IDFV_COLLECTION\")\")\n  fi\n\n  # config.analytics_default_allow_ad_personalization_signals\n  _ANALYTICS_PERSONALIZATION=$(getFirebaseJsonKeyValue \"$_JSON_OUTPUT_RAW\" \"analytics_default_allow_ad_personalization_signals\")\n  if [[ $_ANALYTICS_PERSONALIZATION ]]; then\n    _PLIST_ENTRY_KEYS+=(\"GOOGLE_ANALYTICS_DEFAULT_ALLOW_AD_PERSONALIZATION_SIGNALS\")\n    _PLIST_ENTRY_TYPES+=(\"bool\")\n    _PLIST_ENTRY_VALUES+=(\"$(jsonBoolToYesNo \"$_ANALYTICS_PERSONALIZATION\")\")\n  fi\n\n  # config.analytics_registration_with_ad_network_enabled\n  _ANALYTICS_REGISTRATION_WITH_AD_NETWORK=$(getFirebaseJsonKeyValue \"$_JSON_OUTPUT_RAW\" \"google_analytics_registration_with_ad_network_enabled\")\n  if [[ $_ANALYTICS_REGISTRATION_WITH_AD_NETWORK ]]; then\n    _PLIST_ENTRY_KEYS+=(\"GOOGLE_ANALYTICS_REGISTRATION_WITH_AD_NETWORK_ENABLED\")\n    _PLIST_ENTRY_TYPES+=(\"bool\")\n    _PLIST_ENTRY_VALUES+=(\"$(jsonBoolToYesNo \"$_ANALYTICS_REGISTRATION_WITH_AD_NETWORK\")\")\n  fi\n\n  # config.google_analytics_automatic_screen_reporting_enabled\n  _ANALYTICS_AUTO_SCREEN_REPORTING=$(getFirebaseJsonKeyValue \"$_JSON_OUTPUT_RAW\" \"google_analytics_automatic_screen_reporting_enabled\")\n  if [[ $_ANALYTICS_AUTO_SCREEN_REPORTING ]]; then\n    _PLIST_ENTRY_KEYS+=(\"FirebaseAutomaticScreenReportingEnabled\")\n    _PLIST_ENTRY_TYPES+=(\"bool\")\n    _PLIST_ENTRY_VALUES+=(\"$(jsonBoolToYesNo \"$_ANALYTICS_AUTO_SCREEN_REPORTING\")\")\n  fi\n\n  # config.perf_auto_collection_enabled\n  _PERF_AUTO_COLLECTION=$(getFirebaseJsonKeyValue \"$_JSON_OUTPUT_RAW\" \"perf_auto_collection_enabled\")\n  if [[ $_PERF_AUTO_COLLECTION ]]; then\n    _PLIST_ENTRY_KEYS+=(\"firebase_performance_collection_enabled\")\n    _PLIST_ENTRY_TYPES+=(\"bool\")\n    _PLIST_ENTRY_VALUES+=(\"$(jsonBoolToYesNo \"$_PERF_AUTO_COLLECTION\")\")\n  fi\n\n  # config.perf_collection_deactivated\n  _PERF_DEACTIVATED=$(getFirebaseJsonKeyValue \"$_JSON_OUTPUT_RAW\" \"perf_collection_deactivated\")\n  if [[ $_PERF_DEACTIVATED ]]; then\n    _PLIST_ENTRY_KEYS+=(\"firebase_performance_collection_deactivated\")\n    _PLIST_ENTRY_TYPES+=(\"bool\")\n    _PLIST_ENTRY_VALUES+=(\"$(jsonBoolToYesNo \"$_PERF_DEACTIVATED\")\")\n  fi\n\n  # config.messaging_auto_init_enabled\n  _MESSAGING_AUTO_INIT=$(getFirebaseJsonKeyValue \"$_JSON_OUTPUT_RAW\" \"messaging_auto_init_enabled\")\n  if [[ $_MESSAGING_AUTO_INIT ]]; then\n    _PLIST_ENTRY_KEYS+=(\"FirebaseMessagingAutoInitEnabled\")\n    _PLIST_ENTRY_TYPES+=(\"bool\")\n    _PLIST_ENTRY_VALUES+=(\"$(jsonBoolToYesNo \"$_MESSAGING_AUTO_INIT\")\")\n  fi\n\n  # config.in_app_messaging_auto_colllection_enabled\n  _FIAM_AUTO_INIT=$(getFirebaseJsonKeyValue \"$_JSON_OUTPUT_RAW\" \"in_app_messaging_auto_collection_enabled\")\n  if [[ $_FIAM_AUTO_INIT ]]; then\n    _PLIST_ENTRY_KEYS+=(\"FirebaseInAppMessagingAutomaticDataCollectionEnabled\")\n    _PLIST_ENTRY_TYPES+=(\"bool\")\n    _PLIST_ENTRY_VALUES+=(\"$(jsonBoolToYesNo \"$_FIAM_AUTO_INIT\")\")\n  fi\n\n  # config.app_check_token_auto_refresh\n  _APP_CHECK_TOKEN_AUTO_REFRESH=$(getFirebaseJsonKeyValue \"$_JSON_OUTPUT_RAW\" \"app_check_token_auto_refresh\")\n  if [[ $_APP_CHECK_TOKEN_AUTO_REFRESH ]]; then\n    _PLIST_ENTRY_KEYS+=(\"FirebaseAppCheckTokenAutoRefreshEnabled\")\n    _PLIST_ENTRY_TYPES+=(\"bool\")\n    _PLIST_ENTRY_VALUES+=(\"$(jsonBoolToYesNo \"$_APP_CHECK_TOKEN_AUTO_REFRESH\")\")\n  fi\n\n  # config.crashlytics_disable_auto_disabler - undocumented for now - mainly for debugging, document if becomes useful\n  _CRASHLYTICS_AUTO_DISABLE_ENABLED=$(getFirebaseJsonKeyValue \"$_JSON_OUTPUT_RAW\" \"crashlytics_disable_auto_disabler\")\n  if [[ $_CRASHLYTICS_AUTO_DISABLE_ENABLED == \"true\" ]]; then\n    echo \"Disabled Crashlytics auto disabler.\" # do nothing\n  else\n    _PLIST_ENTRY_KEYS+=(\"FirebaseCrashlyticsCollectionEnabled\")\n    _PLIST_ENTRY_TYPES+=(\"bool\")\n    _PLIST_ENTRY_VALUES+=(\"NO\")\n  fi\nelse\n  _PLIST_ENTRY_KEYS+=(\"firebase_json_raw\")\n  _PLIST_ENTRY_TYPES+=(\"string\")\n  _PLIST_ENTRY_VALUES+=(\"$_JSON_OUTPUT_BASE64\")\n  echo \"warning:   A firebase.json file was not found, whilst this file is optional it is recommended to include it to configure firebase services in React Native Firebase.\"\nfi;\n\necho \"info: 2) Injecting Info.plist entries: \"\n\n# Log out the keys we're adding\nfor i in \"${!_PLIST_ENTRY_KEYS[@]}\"; do\n  echo \"    ->  $i) ${_PLIST_ENTRY_KEYS[$i]}\" \"${_PLIST_ENTRY_TYPES[$i]}\" \"${_PLIST_ENTRY_VALUES[$i]}\"\ndone\n\nfor plist in \"${_TARGET_PLIST}\" \"${_DSYM_PLIST}\" ; do\n  if [[ -f \"${plist}\" ]]; then\n\n    # paths with spaces break the call to setPlistValue. temporarily modify\n    # the shell internal field separator variable (IFS), which normally\n    # includes spaces, to consist only of line breaks\n    oldifs=$IFS\n    IFS=\"\n\"\n\n    for i in \"${!_PLIST_ENTRY_KEYS[@]}\"; do\n      setPlistValue \"${_PLIST_ENTRY_KEYS[$i]}\" \"${_PLIST_ENTRY_TYPES[$i]}\" \"${_PLIST_ENTRY_VALUES[$i]}\" \"${plist}\"\n    done\n\n    # restore the original internal field separator value\n    IFS=$oldifs\n  else\n    echo \"warning:   A Info.plist build output file was not found (${plist})\"\n  fi\ndone\n\necho \"info: <- RNFB build script finished\"\n";
		};
		80650581AEA44086DDF4358A /* [CP] Check Pods Manifest.lock */ = {
			isa = PBXShellScriptBuildPhase;
			buildActionMask = 2147483647;
			files = (
			);
			inputFileListPaths = (
			);
			inputPaths = (
				"${PODS_PODFILE_DIR_PATH}/Podfile.lock",
				"${PODS_ROOT}/Manifest.lock",
			);
			name = "[CP] Check Pods Manifest.lock";
			outputFileListPaths = (
			);
			outputPaths = (
				"$(DERIVED_FILE_DIR)/Pods-scan_prototype-checkManifestLockResult.txt",
			);
			runOnlyForDeploymentPostprocessing = 0;
			shellPath = /bin/sh;
			shellScript = "diff \"${PODS_PODFILE_DIR_PATH}/Podfile.lock\" \"${PODS_ROOT}/Manifest.lock\" > /dev/null\nif [ $? != 0 ] ; then\n    # print error to STDERR\n    echo \"error: The sandbox is not in sync with the Podfile.lock. Run 'pod install' or update your CocoaPods installation.\" >&2\n    exit 1\nfi\n# This output is used by Xcode 'outputs' to avoid re-running this script phase.\necho \"SUCCESS\" > \"${SCRIPT_OUTPUT_FILE_0}\"\n";
			showEnvVarsInLog = 0;
		};
		BD82FD764BBAAD3BC2450F26 /* [CP] Embed Pods Frameworks */ = {
			isa = PBXShellScriptBuildPhase;
			buildActionMask = 2147483647;
			files = (
			);
			inputFileListPaths = (
				"${PODS_ROOT}/Target Support Files/Pods-scan_prototype/Pods-scan_prototype-frameworks-${CONFIGURATION}-input-files.xcfilelist",
			);
			inputPaths = (
			);
			name = "[CP] Embed Pods Frameworks";
			outputFileListPaths = (
				"${PODS_ROOT}/Target Support Files/Pods-scan_prototype/Pods-scan_prototype-frameworks-${CONFIGURATION}-output-files.xcfilelist",
			);
			outputPaths = (
			);
			runOnlyForDeploymentPostprocessing = 0;
			shellPath = /bin/sh;
			shellScript = "\"${PODS_ROOT}/Target Support Files/Pods-scan_prototype/Pods-scan_prototype-frameworks.sh\"\n";
			showEnvVarsInLog = 0;
		};
/* End PBXShellScriptBuildPhase section */

/* Begin PBXSourcesBuildPhase section */
		13B07F871A680F5B00A75B9A /* Sources */ = {
			isa = PBXSourcesBuildPhase;
			buildActionMask = 2147483647;
			files = (
				761780ED2CA45674006654EE /* AppDelegate.swift in Sources */,
			);
			runOnlyForDeploymentPostprocessing = 0;
		};
/* End PBXSourcesBuildPhase section */

/* Begin XCBuildConfiguration section */
		13B07F941A680F5B00A75B9A /* Debug */ = {
			isa = XCBuildConfiguration;
			baseConfigurationReference = 7D030AA3E64F39EE80251A97 /* Pods-scan_prototype.debug.xcconfig */;
			buildSettings = {
				ASSETCATALOG_COMPILER_APPICON_NAME = AppIcon;
				CLANG_ENABLE_MODULES = YES;
				CURRENT_PROJECT_VERSION = 17;
				DEVELOPMENT_TEAM = LAASW3G6J9;
				ENABLE_BITCODE = NO;
				INFOPLIST_FILE = scan_prototype/Info.plist;
				INFOPLIST_KEY_CFBundleDisplayName = "BERRĪ";
				IPHONEOS_DEPLOYMENT_TARGET = 15.1;
				LD_RUNPATH_SEARCH_PATHS = (
					"$(inherited)",
					"@executable_path/Frameworks",
				);
				MARKETING_VERSION = 1.0;
				OTHER_LDFLAGS = (
					"$(inherited)",
					"-ObjC",
					"-lc++",
				);
				PRODUCT_BUNDLE_IDENTIFIER = com.ideago.berri;
				PRODUCT_NAME = scan_prototype;
				SWIFT_OPTIMIZATION_LEVEL = "-Onone";
				SWIFT_VERSION = 5.0;
				VERSIONING_SYSTEM = "apple-generic";
			};
			name = Debug;
		};
		13B07F951A680F5B00A75B9A /* Release */ = {
			isa = XCBuildConfiguration;
			baseConfigurationReference = D57170E0BC5A521F13BDCB21 /* Pods-scan_prototype.release.xcconfig */;
			buildSettings = {
				ASSETCATALOG_COMPILER_APPICON_NAME = AppIcon;
				CLANG_ENABLE_MODULES = YES;
				CURRENT_PROJECT_VERSION = 17;
				DEVELOPMENT_TEAM = LAASW3G6J9;
				INFOPLIST_FILE = scan_prototype/Info.plist;
				INFOPLIST_KEY_CFBundleDisplayName = "BERRĪ";
				IPHONEOS_DEPLOYMENT_TARGET = 15.1;
				LD_RUNPATH_SEARCH_PATHS = (
					"$(inherited)",
					"@executable_path/Frameworks",
				);
				MARKETING_VERSION = 1.0;
				OTHER_LDFLAGS = (
					"$(inherited)",
					"-ObjC",
					"-lc++",
				);
				PRODUCT_BUNDLE_IDENTIFIER = com.ideago.berri;
				PRODUCT_NAME = scan_prototype;
				SWIFT_VERSION = 5.0;
				VERSIONING_SYSTEM = "apple-generic";
			};
			name = Release;
		};
		83CBBA201A601CBA00E9B192 /* Debug */ = {
			isa = XCBuildConfiguration;
			buildSettings = {
				ALWAYS_SEARCH_USER_PATHS = NO;
				CLANG_ANALYZER_LOCALIZABILITY_NONLOCALIZED = YES;
				CLANG_CXX_LANGUAGE_STANDARD = "c++20";
				CLANG_CXX_LIBRARY = "libc++";
				CLANG_ENABLE_MODULES = YES;
				CLANG_ENABLE_OBJC_ARC = YES;
				CLANG_WARN_BLOCK_CAPTURE_AUTORELEASING = YES;
				CLANG_WARN_BOOL_CONVERSION = YES;
				CLANG_WARN_COMMA = YES;
				CLANG_WARN_CONSTANT_CONVERSION = YES;
				CLANG_WARN_DEPRECATED_OBJC_IMPLEMENTATIONS = YES;
				CLANG_WARN_DIRECT_OBJC_ISA_USAGE = YES_ERROR;
				CLANG_WARN_EMPTY_BODY = YES;
				CLANG_WARN_ENUM_CONVERSION = YES;
				CLANG_WARN_INFINITE_RECURSION = YES;
				CLANG_WARN_INT_CONVERSION = YES;
				CLANG_WARN_NON_LITERAL_NULL_CONVERSION = YES;
				CLANG_WARN_OBJC_IMPLICIT_RETAIN_SELF = YES;
				CLANG_WARN_OBJC_LITERAL_CONVERSION = YES;
				CLANG_WARN_OBJC_ROOT_CLASS = YES_ERROR;
				CLANG_WARN_QUOTED_INCLUDE_IN_FRAMEWORK_HEADER = YES;
				CLANG_WARN_RANGE_LOOP_ANALYSIS = YES;
				CLANG_WARN_STRICT_PROTOTYPES = YES;
				CLANG_WARN_SUSPICIOUS_MOVE = YES;
				CLANG_WARN_UNREACHABLE_CODE = YES;
				CLANG_WARN__DUPLICATE_METHOD_MATCH = YES;
				"CODE_SIGN_IDENTITY[sdk=iphoneos*]" = "iPhone Developer";
				COPY_PHASE_STRIP = NO;
				ENABLE_STRICT_OBJC_MSGSEND = YES;
				ENABLE_TESTABILITY = YES;
				"EXCLUDED_ARCHS[sdk=iphonesimulator*]" = "";
				GCC_C_LANGUAGE_STANDARD = gnu99;
				GCC_DYNAMIC_NO_PIC = NO;
				GCC_NO_COMMON_BLOCKS = YES;
				GCC_OPTIMIZATION_LEVEL = 0;
				GCC_PREPROCESSOR_DEFINITIONS = (
					"DEBUG=1",
					"$(inherited)",
				);
				GCC_SYMBOLS_PRIVATE_EXTERN = NO;
				GCC_WARN_64_TO_32_BIT_CONVERSION = YES;
				GCC_WARN_ABOUT_RETURN_TYPE = YES_ERROR;
				GCC_WARN_UNDECLARED_SELECTOR = YES;
				GCC_WARN_UNINITIALIZED_AUTOS = YES_AGGRESSIVE;
				GCC_WARN_UNUSED_FUNCTION = YES;
				GCC_WARN_UNUSED_VARIABLE = YES;
				IPHONEOS_DEPLOYMENT_TARGET = 15.1;
				LD_RUNPATH_SEARCH_PATHS = (
					/usr/lib/swift,
					"$(inherited)",
				);
				LIBRARY_SEARCH_PATHS = (
					"\"$(SDKROOT)/usr/lib/swift\"",
					"\"$(TOOLCHAIN_DIR)/usr/lib/swift/$(PLATFORM_NAME)\"",
					"\"$(inherited)\"",
				);
				MTL_ENABLE_DEBUG_INFO = YES;
				ONLY_ACTIVE_ARCH = YES;
				OTHER_CPLUSPLUSFLAGS = (
					"$(OTHER_CFLAGS)",
					"-DFOLLY_NO_CONFIG",
					"-DFOLLY_MOBILE=1",
					"-DFOLLY_USE_LIBCPP=1",
					"-DFOLLY_CFG_NO_COROUTINES=1",
					"-DFOLLY_HAVE_CLOCK_GETTIME=1",
				);
				REACT_NATIVE_PATH = "${PODS_ROOT}/../../node_modules/react-native";
				SDKROOT = iphoneos;
				SWIFT_ACTIVE_COMPILATION_CONDITIONS = "$(inherited) DEBUG";
				USE_HERMES = true;
			};
			name = Debug;
		};
		83CBBA211A601CBA00E9B192 /* Release */ = {
			isa = XCBuildConfiguration;
			buildSettings = {
				ALWAYS_SEARCH_USER_PATHS = NO;
				CLANG_ANALYZER_LOCALIZABILITY_NONLOCALIZED = YES;
				CLANG_CXX_LANGUAGE_STANDARD = "c++20";
				CLANG_CXX_LIBRARY = "libc++";
				CLANG_ENABLE_MODULES = YES;
				CLANG_ENABLE_OBJC_ARC = YES;
				CLANG_WARN_BLOCK_CAPTURE_AUTORELEASING = YES;
				CLANG_WARN_BOOL_CONVERSION = YES;
				CLANG_WARN_COMMA = YES;
				CLANG_WARN_CONSTANT_CONVERSION = YES;
				CLANG_WARN_DEPRECATED_OBJC_IMPLEMENTATIONS = YES;
				CLANG_WARN_DIRECT_OBJC_ISA_USAGE = YES_ERROR;
				CLANG_WARN_EMPTY_BODY = YES;
				CLANG_WARN_ENUM_CONVERSION = YES;
				CLANG_WARN_INFINITE_RECURSION = YES;
				CLANG_WARN_INT_CONVERSION = YES;
				CLANG_WARN_NON_LITERAL_NULL_CONVERSION = YES;
				CLANG_WARN_OBJC_IMPLICIT_RETAIN_SELF = YES;
				CLANG_WARN_OBJC_LITERAL_CONVERSION = YES;
				CLANG_WARN_OBJC_ROOT_CLASS = YES_ERROR;
				CLANG_WARN_QUOTED_INCLUDE_IN_FRAMEWORK_HEADER = YES;
				CLANG_WARN_RANGE_LOOP_ANALYSIS = YES;
				CLANG_WARN_STRICT_PROTOTYPES = YES;
				CLANG_WARN_SUSPICIOUS_MOVE = YES;
				CLANG_WARN_UNREACHABLE_CODE = YES;
				CLANG_WARN__DUPLICATE_METHOD_MATCH = YES;
				"CODE_SIGN_IDENTITY[sdk=iphoneos*]" = "iPhone Developer";
				COPY_PHASE_STRIP = YES;
				ENABLE_NS_ASSERTIONS = NO;
				ENABLE_STRICT_OBJC_MSGSEND = YES;
				"EXCLUDED_ARCHS[sdk=iphonesimulator*]" = "";
				GCC_C_LANGUAGE_STANDARD = gnu99;
				GCC_NO_COMMON_BLOCKS = YES;
				GCC_WARN_64_TO_32_BIT_CONVERSION = YES;
				GCC_WARN_ABOUT_RETURN_TYPE = YES_ERROR;
				GCC_WARN_UNDECLARED_SELECTOR = YES;
				GCC_WARN_UNINITIALIZED_AUTOS = YES_AGGRESSIVE;
				GCC_WARN_UNUSED_FUNCTION = YES;
				GCC_WARN_UNUSED_VARIABLE = YES;
				IPHONEOS_DEPLOYMENT_TARGET = 15.1;
				LD_RUNPATH_SEARCH_PATHS = (
					/usr/lib/swift,
					"$(inherited)",
				);
				LIBRARY_SEARCH_PATHS = (
					"\"$(SDKROOT)/usr/lib/swift\"",
					"\"$(TOOLCHAIN_DIR)/usr/lib/swift/$(PLATFORM_NAME)\"",
					"\"$(inherited)\"",
				);
				MTL_ENABLE_DEBUG_INFO = NO;
				OTHER_CPLUSPLUSFLAGS = (
					"$(OTHER_CFLAGS)",
					"-DFOLLY_NO_CONFIG",
					"-DFOLLY_MOBILE=1",
					"-DFOLLY_USE_LIBCPP=1",
					"-DFOLLY_CFG_NO_COROUTINES=1",
					"-DFOLLY_HAVE_CLOCK_GETTIME=1",
				);
				REACT_NATIVE_PATH = "${PODS_ROOT}/../../node_modules/react-native";
				SDKROOT = iphoneos;
				USE_HERMES = true;
				VALIDATE_PRODUCT = YES;
			};
			name = Release;
		};
/* End XCBuildConfiguration section */

/* Begin XCConfigurationList section */
		13B07F931A680F5B00A75B9A /* Build configuration list for PBXNativeTarget "scan_prototype" */ = {
			isa = XCConfigurationList;
			buildConfigurations = (
				13B07F941A680F5B00A75B9A /* Debug */,
				13B07F951A680F5B00A75B9A /* Release */,
			);
			defaultConfigurationIsVisible = 0;
			defaultConfigurationName = Release;
		};
		83CBB9FA1A601CBA00E9B192 /* Build configuration list for PBXProject "scan_prototype" */ = {
			isa = XCConfigurationList;
			buildConfigurations = (
				83CBBA201A601CBA00E9B192 /* Debug */,
				83CBBA211A601CBA00E9B192 /* Release */,
			);
			defaultConfigurationIsVisible = 0;
			defaultConfigurationName = Release;
		};
/* End XCConfigurationList section */
	};
	rootObject = 83CBB9F71A601CBA00E9B192 /* Project object */;
}
